
Microsoft Visual Studio Solution File, Format Version 12.00
Project("{FAE04EC0-301F-11D3-BF4B-00C04F79EFBC}") = "Trains", "Trains.csproj", "{098214C5-C214-44F6-9E83-99C517CC1DCF}"
EndProject
Global
	GlobalSection(SolutionConfigurationPlatforms) = preSolution
		Debug|Any CPU = Debug|Any CPU
		Release|Any CPU = Release|Any CPU
	EndGlobalSection
	GlobalSection(ProjectConfigurationPlatforms) = postSolution
		{098214C5-C214-44F6-9E83-99C517CC1DCF}.Debug|Any CPU.ActiveCfg = Debug|Any CPU
		{098214C5-C214-44F6-9E83-99C517CC1DCF}.Debug|Any CPU.Build.0 = Debug|Any CPU
		{098214C5-C214-44F6-9E83-99C517CC1DCF}.Release|Any CPU.ActiveCfg = Release|Any CPU
		{098214C5-C214-44F6-9E83-99C517CC1DCF}.Release|Any CPU.Build.0 = Release|Any CPU
	EndGlobalSection
EndGlobal
